// !$*UTF8*$!
{
	archiveVersion = 1;
	classes = {
	};
	objectVersion = 56;
	objects = {

/* Begin PBXBuildFile section */
		1A31A3872BBA99630097602C /* OrderList.storyboard in Resources */ = {isa = PBXBuildFile; fileRef = 1A31A3862BBA99630097602C /* OrderList.storyboard */; };
		1AC6161D2BBBD60900DAFE63 /* OrderListViewController.swift in Sources */ = {isa = PBXBuildFile; fileRef = 1AC6161C2BBBD60900DAFE63 /* OrderListViewController.swift */; };
		1AC6161F2BBBE29E00DAFE63 /* OrderListTableViewCell.swift in Sources */ = {isa = PBXBuildFile; fileRef = 1AC6161E2BBBE29E00DAFE63 /* OrderListTableViewCell.swift */; };
		2B50C0F42BBBE7A000813768 /* (null) in Sources */ = {isa = PBXBuildFile; };
		95D512BA2BBAAA2C00ECE2E5 /* Payment.storyboard in Resources */ = {isa = PBXBuildFile; fileRef = 95D512B92BBAAA2C00ECE2E5 /* Payment.storyboard */; };
		95D512BC2BBAAB4900ECE2E5 /* PaymentsViewController.swift in Sources */ = {isa = PBXBuildFile; fileRef = 95D512BB2BBAAB4900ECE2E5 /* PaymentsViewController.swift */; };
		B5D706AB2BBA85AF009C32D9 /* AppDelegate.swift in Sources */ = {isa = PBXBuildFile; fileRef = B5D706AA2BBA85AF009C32D9 /* AppDelegate.swift */; };
		B5D706AD2BBA85AF009C32D9 /* SceneDelegate.swift in Sources */ = {isa = PBXBuildFile; fileRef = B5D706AC2BBA85AF009C32D9 /* SceneDelegate.swift */; };
		B5D706AF2BBA85AF009C32D9 /* ViewController.swift in Sources */ = {isa = PBXBuildFile; fileRef = B5D706AE2BBA85AF009C32D9 /* ViewController.swift */; };
		B5D706B22BBA85AF009C32D9 /* Base in Resources */ = {isa = PBXBuildFile; fileRef = B5D706B12BBA85AF009C32D9 /* Base */; };
		B5D706B42BBA85B0009C32D9 /* Assets.xcassets in Resources */ = {isa = PBXBuildFile; fileRef = B5D706B32BBA85B0009C32D9 /* Assets.xcassets */; };
		B5D706B72BBA85B0009C32D9 /* Base in Resources */ = {isa = PBXBuildFile; fileRef = B5D706B62BBA85B0009C32D9 /* Base */; };
		B5D706BF2BBC0DC1009C32D9 /* MainViewTableCell.swift in Sources */ = {isa = PBXBuildFile; fileRef = B5D706BE2BBC0DC1009C32D9 /* MainViewTableCell.swift */; };
		B5D706CE2BBD60A3009C32D9 /* CoffeeJson.json in Resources */ = {isa = PBXBuildFile; fileRef = B5D706CC2BBD60A3009C32D9 /* CoffeeJson.json */; };
		B5D706D02BBD6136009C32D9 /* CoffeeMenu.swift in Sources */ = {isa = PBXBuildFile; fileRef = B5D706CF2BBD6136009C32D9 /* CoffeeMenu.swift */; };
		B5D706DB2BBFAD87009C32D9 /* SnapKit in Frameworks */ = {isa = PBXBuildFile; productRef = B5D706DA2BBFAD87009C32D9 /* SnapKit */; };
		B5D706DD2BBFAD8F009C32D9 /* Then in Frameworks */ = {isa = PBXBuildFile; productRef = B5D706DC2BBFAD8F009C32D9 /* Then */; };
		B5D706DF2BBFBD90009C32D9 /* SelectedMenu.swift in Sources */ = {isa = PBXBuildFile; fileRef = B5D706DE2BBFBD90009C32D9 /* SelectedMenu.swift */; };
		FF7B359E2BBAA81400CC76F8 /* MainView.storyboard in Resources */ = {isa = PBXBuildFile; fileRef = FF7B359D2BBAA81400CC76F8 /* MainView.storyboard */; };
		FF7B35A02BBAA83400CC76F8 /* MainViewController.swift in Sources */ = {isa = PBXBuildFile; fileRef = FF7B359F2BBAA83400CC76F8 /* MainViewController.swift */; };
/* End PBXBuildFile section */

/* Begin PBXFileReference section */
		1A31A3862BBA99630097602C /* OrderList.storyboard */ = {isa = PBXFileReference; lastKnownFileType = file.storyboard; path = OrderList.storyboard; sourceTree = "<group>"; };
		1AC6161C2BBBD60900DAFE63 /* OrderListViewController.swift */ = {isa = PBXFileReference; lastKnownFileType = sourcecode.swift; path = OrderListViewController.swift; sourceTree = "<group>"; };
		1AC6161E2BBBE29E00DAFE63 /* OrderListTableViewCell.swift */ = {isa = PBXFileReference; lastKnownFileType = sourcecode.swift; path = OrderListTableViewCell.swift; sourceTree = "<group>"; };
		95D512B92BBAAA2C00ECE2E5 /* Payment.storyboard */ = {isa = PBXFileReference; lastKnownFileType = file.storyboard; path = Payment.storyboard; sourceTree = "<group>"; };
		95D512BB2BBAAB4900ECE2E5 /* PaymentsViewController.swift */ = {isa = PBXFileReference; lastKnownFileType = sourcecode.swift; path = PaymentsViewController.swift; sourceTree = "<group>"; };
		95D512BE2BBAAF0F00ECE2E5 /* NanumSquareRoundB.ttf */ = {isa = PBXFileReference; lastKnownFileType = file; path = NanumSquareRoundB.ttf; sourceTree = "<group>"; };
		95D512BF2BBAAF0F00ECE2E5 /* NanumSquareRoundL.ttf */ = {isa = PBXFileReference; lastKnownFileType = file; path = NanumSquareRoundL.ttf; sourceTree = "<group>"; };
		95D512C02BBAAF0F00ECE2E5 /* NanumSquareRoundEB.ttf */ = {isa = PBXFileReference; lastKnownFileType = file; path = NanumSquareRoundEB.ttf; sourceTree = "<group>"; };
		95D512C12BBAAF0F00ECE2E5 /* NanumSquareRoundR.ttf */ = {isa = PBXFileReference; lastKnownFileType = file; path = NanumSquareRoundR.ttf; sourceTree = "<group>"; };
		B5D706A72BBA85AF009C32D9 /* Oripresso.app */ = {isa = PBXFileReference; explicitFileType = wrapper.application; includeInIndex = 0; path = Oripresso.app; sourceTree = BUILT_PRODUCTS_DIR; };
		B5D706AA2BBA85AF009C32D9 /* AppDelegate.swift */ = {isa = PBXFileReference; lastKnownFileType = sourcecode.swift; path = AppDelegate.swift; sourceTree = "<group>"; };
		B5D706AC2BBA85AF009C32D9 /* SceneDelegate.swift */ = {isa = PBXFileReference; lastKnownFileType = sourcecode.swift; path = SceneDelegate.swift; sourceTree = "<group>"; };
		B5D706AE2BBA85AF009C32D9 /* ViewController.swift */ = {isa = PBXFileReference; lastKnownFileType = sourcecode.swift; path = ViewController.swift; sourceTree = "<group>"; };
		B5D706B12BBA85AF009C32D9 /* Base */ = {isa = PBXFileReference; lastKnownFileType = file.storyboard; name = Base; path = Base.lproj/Main.storyboard; sourceTree = "<group>"; };
		B5D706B32BBA85B0009C32D9 /* Assets.xcassets */ = {isa = PBXFileReference; lastKnownFileType = folder.assetcatalog; path = Assets.xcassets; sourceTree = "<group>"; };
		B5D706B62BBA85B0009C32D9 /* Base */ = {isa = PBXFileReference; lastKnownFileType = file.storyboard; name = Base; path = Base.lproj/LaunchScreen.storyboard; sourceTree = "<group>"; };
		B5D706B82BBA85B0009C32D9 /* Info.plist */ = {isa = PBXFileReference; lastKnownFileType = text.plist.xml; path = Info.plist; sourceTree = "<group>"; };
		B5D706BE2BBC0DC1009C32D9 /* MainViewTableCell.swift */ = {isa = PBXFileReference; lastKnownFileType = sourcecode.swift; path = MainViewTableCell.swift; sourceTree = "<group>"; };
		B5D706CD2BBD60A3009C32D9 /* en */ = {isa = PBXFileReference; lastKnownFileType = text.json; name = en; path = en.lproj/CoffeeJson.json; sourceTree = "<group>"; };
		B5D706CF2BBD6136009C32D9 /* CoffeeMenu.swift */ = {isa = PBXFileReference; lastKnownFileType = sourcecode.swift; path = CoffeeMenu.swift; sourceTree = "<group>"; };
		B5D706DE2BBFBD90009C32D9 /* SelectedMenu.swift */ = {isa = PBXFileReference; lastKnownFileType = sourcecode.swift; path = SelectedMenu.swift; sourceTree = "<group>"; };
		FF7B359D2BBAA81400CC76F8 /* MainView.storyboard */ = {isa = PBXFileReference; lastKnownFileType = file.storyboard; path = MainView.storyboard; sourceTree = "<group>"; };
		FF7B359F2BBAA83400CC76F8 /* MainViewController.swift */ = {isa = PBXFileReference; lastKnownFileType = sourcecode.swift; path = MainViewController.swift; sourceTree = "<group>"; };
/* End PBXFileReference section */

/* Begin PBXFrameworksBuildPhase section */
		B5D706A42BBA85AF009C32D9 /* Frameworks */ = {
			isa = PBXFrameworksBuildPhase;
			buildActionMask = 2147483647;
			files = (
				B5D706DB2BBFAD87009C32D9 /* SnapKit in Frameworks */,
				B5D706DD2BBFAD8F009C32D9 /* Then in Frameworks */,
			);
			runOnlyForDeploymentPostprocessing = 0;
		};
/* End PBXFrameworksBuildPhase section */

/* Begin PBXGroup section */
		95D512BD2BBAAEB600ECE2E5 /* Fonts */ = {
			isa = PBXGroup;
			children = (
				95D512BE2BBAAF0F00ECE2E5 /* NanumSquareRoundB.ttf */,
				95D512C02BBAAF0F00ECE2E5 /* NanumSquareRoundEB.ttf */,
				95D512BF2BBAAF0F00ECE2E5 /* NanumSquareRoundL.ttf */,
				95D512C12BBAAF0F00ECE2E5 /* NanumSquareRoundR.ttf */,
			);
			path = Fonts;
			sourceTree = "<group>";
		};
		B5D7069E2BBA85AF009C32D9 = {
			isa = PBXGroup;
			children = (
				B5D706A92BBA85AF009C32D9 /* Oripresso */,
				B5D706A82BBA85AF009C32D9 /* Products */,
				B5D706D32BBEB138009C32D9 /* Frameworks */,
			);
			sourceTree = "<group>";
		};
		B5D706A82BBA85AF009C32D9 /* Products */ = {
			isa = PBXGroup;
			children = (
				B5D706A72BBA85AF009C32D9 /* Oripresso.app */,
			);
			name = Products;
			sourceTree = "<group>";
		};
		B5D706A92BBA85AF009C32D9 /* Oripresso */ = {
			isa = PBXGroup;
			children = (
				95D512BD2BBAAEB600ECE2E5 /* Fonts */,
				B5D706AA2BBA85AF009C32D9 /* AppDelegate.swift */,
				B5D706AC2BBA85AF009C32D9 /* SceneDelegate.swift */,
				B5D706AE2BBA85AF009C32D9 /* ViewController.swift */,
				B5D706B32BBA85B0009C32D9 /* Assets.xcassets */,
				1A31A3862BBA99630097602C /* OrderList.storyboard */,
				B5D706B52BBA85B0009C32D9 /* LaunchScreen.storyboard */,
				B5D706B02BBA85AF009C32D9 /* Main.storyboard */,
				FF7B359D2BBAA81400CC76F8 /* MainView.storyboard */,
				B5D706B82BBA85B0009C32D9 /* Info.plist */,
				95D512B92BBAAA2C00ECE2E5 /* Payment.storyboard */,
				95D512BB2BBAAB4900ECE2E5 /* PaymentsViewController.swift */,
				FF7B359F2BBAA83400CC76F8 /* MainViewController.swift */,
				B5D706BE2BBC0DC1009C32D9 /* MainViewTableCell.swift */,
				1AC6161C2BBBD60900DAFE63 /* OrderListViewController.swift */,
				1AC6161E2BBBE29E00DAFE63 /* OrderListTableViewCell.swift */,
				B5D706CC2BBD60A3009C32D9 /* CoffeeJson.json */,
				B5D706CF2BBD6136009C32D9 /* CoffeeMenu.swift */,
				B5D706DE2BBFBD90009C32D9 /* SelectedMenu.swift */,
			);
			path = Oripresso;
			sourceTree = "<group>";
		};
		B5D706D32BBEB138009C32D9 /* Frameworks */ = {
			isa = PBXGroup;
			children = (
			);
			name = Frameworks;
			sourceTree = "<group>";
		};
/* End PBXGroup section */

/* Begin PBXNativeTarget section */
		B5D706A62BBA85AF009C32D9 /* Oripresso */ = {
			isa = PBXNativeTarget;
			buildConfigurationList = B5D706BB2BBA85B0009C32D9 /* Build configuration list for PBXNativeTarget "Oripresso" */;
			buildPhases = (
				B5D706A32BBA85AF009C32D9 /* Sources */,
				B5D706A42BBA85AF009C32D9 /* Frameworks */,
				B5D706A52BBA85AF009C32D9 /* Resources */,
			);
			buildRules = (
			);
			dependencies = (
			);
			name = Oripresso;
			packageProductDependencies = (
				B5D706DA2BBFAD87009C32D9 /* SnapKit */,
				B5D706DC2BBFAD8F009C32D9 /* Then */,
			);
			productName = Oripresso;
			productReference = B5D706A72BBA85AF009C32D9 /* Oripresso.app */;
			productType = "com.apple.product-type.application";
		};
/* End PBXNativeTarget section */

/* Begin PBXProject section */
		B5D7069F2BBA85AF009C32D9 /* Project object */ = {
			isa = PBXProject;
			attributes = {
				BuildIndependentTargetsInParallel = 1;
				LastSwiftUpdateCheck = 1530;
				LastUpgradeCheck = 1530;
				TargetAttributes = {
					B5D706A62BBA85AF009C32D9 = {
						CreatedOnToolsVersion = 15.3;
					};
				};
			};
			buildConfigurationList = B5D706A22BBA85AF009C32D9 /* Build configuration list for PBXProject "Oripresso" */;
			compatibilityVersion = "Xcode 14.0";
			developmentRegion = en;
			hasScannedForEncodings = 0;
			knownRegions = (
				en,
				Base,
			);
			mainGroup = B5D7069E2BBA85AF009C32D9;
			packageReferences = (
				1A5849172BBD482F009C364E /* XCRemoteSwiftPackageReference "SnapKit" */,
				1A58491A2BBD4842009C364E /* XCRemoteSwiftPackageReference "Then" */,
			);
			productRefGroup = B5D706A82BBA85AF009C32D9 /* Products */;
			projectDirPath = "";
			projectRoot = "";
			targets = (
				B5D706A62BBA85AF009C32D9 /* Oripresso */,
			);
		};
/* End PBXProject section */

/* Begin PBXResourcesBuildPhase section */
		B5D706A52BBA85AF009C32D9 /* Resources */ = {
			isa = PBXResourcesBuildPhase;
			buildActionMask = 2147483647;
			files = (
				B5D706B42BBA85B0009C32D9 /* Assets.xcassets in Resources */,
				B5D706B72BBA85B0009C32D9 /* Base in Resources */,
				1A31A3872BBA99630097602C /* OrderList.storyboard in Resources */,
				B5D706CE2BBD60A3009C32D9 /* CoffeeJson.json in Resources */,
				FF7B359E2BBAA81400CC76F8 /* MainView.storyboard in Resources */,
				B5D706B22BBA85AF009C32D9 /* Base in Resources */,
				95D512BA2BBAAA2C00ECE2E5 /* Payment.storyboard in Resources */,
			);
			runOnlyForDeploymentPostprocessing = 0;
		};
/* End PBXResourcesBuildPhase section */

/* Begin PBXSourcesBuildPhase section */
		B5D706A32BBA85AF009C32D9 /* Sources */ = {
			isa = PBXSourcesBuildPhase;
			buildActionMask = 2147483647;
			files = (
				1AC6161F2BBBE29E00DAFE63 /* OrderListTableViewCell.swift in Sources */,
				1AC6161D2BBBD60900DAFE63 /* OrderListViewController.swift in Sources */,
				B5D706AF2BBA85AF009C32D9 /* ViewController.swift in Sources */,
				B5D706BF2BBC0DC1009C32D9 /* MainViewTableCell.swift in Sources */,
				B5D706AB2BBA85AF009C32D9 /* AppDelegate.swift in Sources */,
				95D512BC2BBAAB4900ECE2E5 /* PaymentsViewController.swift in Sources */,
				B5D706D02BBD6136009C32D9 /* CoffeeMenu.swift in Sources */,
				2B50C0F42BBBE7A000813768 /* (null) in Sources */,
				B5D706AD2BBA85AF009C32D9 /* SceneDelegate.swift in Sources */,
				FF7B35A02BBAA83400CC76F8 /* MainViewController.swift in Sources */,
				B5D706DF2BBFBD90009C32D9 /* SelectedMenu.swift in Sources */,
			);
			runOnlyForDeploymentPostprocessing = 0;
		};
/* End PBXSourcesBuildPhase section */

/* Begin PBXVariantGroup section */
		B5D706B02BBA85AF009C32D9 /* Main.storyboard */ = {
			isa = PBXVariantGroup;
			children = (
				B5D706B12BBA85AF009C32D9 /* Base */,
			);
			name = Main.storyboard;
			sourceTree = "<group>";
		};
		B5D706B52BBA85B0009C32D9 /* LaunchScreen.storyboard */ = {
			isa = PBXVariantGroup;
			children = (
				B5D706B62BBA85B0009C32D9 /* Base */,
			);
			name = LaunchScreen.storyboard;
			sourceTree = "<group>";
		};
		B5D706CC2BBD60A3009C32D9 /* CoffeeJson.json */ = {
			isa = PBXVariantGroup;
			children = (
				B5D706CD2BBD60A3009C32D9 /* en */,
			);
			name = CoffeeJson.json;
			sourceTree = "<group>";
		};
/* End PBXVariantGroup section */

/* Begin XCBuildConfiguration section */
		B5D706B92BBA85B0009C32D9 /* Debug */ = {
			isa = XCBuildConfiguration;
			buildSettings = {
				ALWAYS_SEARCH_USER_PATHS = NO;
				ASSETCATALOG_COMPILER_GENERATE_SWIFT_ASSET_SYMBOL_EXTENSIONS = YES;
				CLANG_ANALYZER_NONNULL = YES;
				CLANG_ANALYZER_NUMBER_OBJECT_CONVERSION = YES_AGGRESSIVE;
				CLANG_CXX_LANGUAGE_STANDARD = "gnu++20";
				CLANG_ENABLE_MODULES = YES;
				CLANG_ENABLE_OBJC_ARC = YES;
				CLANG_ENABLE_OBJC_WEAK = YES;
				CLANG_WARN_BLOCK_CAPTURE_AUTORELEASING = YES;
				CLANG_WARN_BOOL_CONVERSION = YES;
				CLANG_WARN_COMMA = YES;
				CLANG_WARN_CONSTANT_CONVERSION = YES;
				CLANG_WARN_DEPRECATED_OBJC_IMPLEMENTATIONS = YES;
				CLANG_WARN_DIRECT_OBJC_ISA_USAGE = YES_ERROR;
				CLANG_WARN_DOCUMENTATION_COMMENTS = YES;
				CLANG_WARN_EMPTY_BODY = YES;
				CLANG_WARN_ENUM_CONVERSION = YES;
				CLANG_WARN_INFINITE_RECURSION = YES;
				CLANG_WARN_INT_CONVERSION = YES;
				CLANG_WARN_NON_LITERAL_NULL_CONVERSION = YES;
				CLANG_WARN_OBJC_IMPLICIT_RETAIN_SELF = YES;
				CLANG_WARN_OBJC_LITERAL_CONVERSION = YES;
				CLANG_WARN_OBJC_ROOT_CLASS = YES_ERROR;
				CLANG_WARN_QUOTED_INCLUDE_IN_FRAMEWORK_HEADER = YES;
				CLANG_WARN_RANGE_LOOP_ANALYSIS = YES;
				CLANG_WARN_STRICT_PROTOTYPES = YES;
				CLANG_WARN_SUSPICIOUS_MOVE = YES;
				CLANG_WARN_UNGUARDED_AVAILABILITY = YES_AGGRESSIVE;
				CLANG_WARN_UNREACHABLE_CODE = YES;
				CLANG_WARN__DUPLICATE_METHOD_MATCH = YES;
				COPY_PHASE_STRIP = NO;
				DEBUG_INFORMATION_FORMAT = dwarf;
				ENABLE_STRICT_OBJC_MSGSEND = YES;
				ENABLE_TESTABILITY = YES;
				ENABLE_USER_SCRIPT_SANDBOXING = YES;
				GCC_C_LANGUAGE_STANDARD = gnu17;
				GCC_DYNAMIC_NO_PIC = NO;
				GCC_NO_COMMON_BLOCKS = YES;
				GCC_OPTIMIZATION_LEVEL = 0;
				GCC_PREPROCESSOR_DEFINITIONS = (
					"DEBUG=1",
					"$(inherited)",
				);
				GCC_WARN_64_TO_32_BIT_CONVERSION = YES;
				GCC_WARN_ABOUT_RETURN_TYPE = YES_ERROR;
				GCC_WARN_UNDECLARED_SELECTOR = YES;
				GCC_WARN_UNINITIALIZED_AUTOS = YES_AGGRESSIVE;
				GCC_WARN_UNUSED_FUNCTION = YES;
				GCC_WARN_UNUSED_VARIABLE = YES;
				IPHONEOS_DEPLOYMENT_TARGET = 15.0;
				LOCALIZATION_PREFERS_STRING_CATALOGS = YES;
				MTL_ENABLE_DEBUG_INFO = INCLUDE_SOURCE;
				MTL_FAST_MATH = YES;
				ONLY_ACTIVE_ARCH = YES;
				SDKROOT = iphoneos;
				SWIFT_ACTIVE_COMPILATION_CONDITIONS = "DEBUG $(inherited)";
				SWIFT_OPTIMIZATION_LEVEL = "-Onone";
			};
			name = Debug;
		};
		B5D706BA2BBA85B0009C32D9 /* Release */ = {
			isa = XCBuildConfiguration;
			buildSettings = {
				ALWAYS_SEARCH_USER_PATHS = NO;
				ASSETCATALOG_COMPILER_GENERATE_SWIFT_ASSET_SYMBOL_EXTENSIONS = YES;
				CLANG_ANALYZER_NONNULL = YES;
				CLANG_ANALYZER_NUMBER_OBJECT_CONVERSION = YES_AGGRESSIVE;
				CLANG_CXX_LANGUAGE_STANDARD = "gnu++20";
				CLANG_ENABLE_MODULES = YES;
				CLANG_ENABLE_OBJC_ARC = YES;
				CLANG_ENABLE_OBJC_WEAK = YES;
				CLANG_WARN_BLOCK_CAPTURE_AUTORELEASING = YES;
				CLANG_WARN_BOOL_CONVERSION = YES;
				CLANG_WARN_COMMA = YES;
				CLANG_WARN_CONSTANT_CONVERSION = YES;
				CLANG_WARN_DEPRECATED_OBJC_IMPLEMENTATIONS = YES;
				CLANG_WARN_DIRECT_OBJC_ISA_USAGE = YES_ERROR;
				CLANG_WARN_DOCUMENTATION_COMMENTS = YES;
				CLANG_WARN_EMPTY_BODY = YES;
				CLANG_WARN_ENUM_CONVERSION = YES;
				CLANG_WARN_INFINITE_RECURSION = YES;
				CLANG_WARN_INT_CONVERSION = YES;
				CLANG_WARN_NON_LITERAL_NULL_CONVERSION = YES;
				CLANG_WARN_OBJC_IMPLICIT_RETAIN_SELF = YES;
				CLANG_WARN_OBJC_LITERAL_CONVERSION = YES;
				CLANG_WARN_OBJC_ROOT_CLASS = YES_ERROR;
				CLANG_WARN_QUOTED_INCLUDE_IN_FRAMEWORK_HEADER = YES;
				CLANG_WARN_RANGE_LOOP_ANALYSIS = YES;
				CLANG_WARN_STRICT_PROTOTYPES = YES;
				CLANG_WARN_SUSPICIOUS_MOVE = YES;
				CLANG_WARN_UNGUARDED_AVAILABILITY = YES_AGGRESSIVE;
				CLANG_WARN_UNREACHABLE_CODE = YES;
				CLANG_WARN__DUPLICATE_METHOD_MATCH = YES;
				COPY_PHASE_STRIP = NO;
				DEBUG_INFORMATION_FORMAT = "dwarf-with-dsym";
				ENABLE_NS_ASSERTIONS = NO;
				ENABLE_STRICT_OBJC_MSGSEND = YES;
				ENABLE_USER_SCRIPT_SANDBOXING = YES;
				GCC_C_LANGUAGE_STANDARD = gnu17;
				GCC_NO_COMMON_BLOCKS = YES;
				GCC_WARN_64_TO_32_BIT_CONVERSION = YES;
				GCC_WARN_ABOUT_RETURN_TYPE = YES_ERROR;
				GCC_WARN_UNDECLARED_SELECTOR = YES;
				GCC_WARN_UNINITIALIZED_AUTOS = YES_AGGRESSIVE;
				GCC_WARN_UNUSED_FUNCTION = YES;
				GCC_WARN_UNUSED_VARIABLE = YES;
				IPHONEOS_DEPLOYMENT_TARGET = 15.0;
				LOCALIZATION_PREFERS_STRING_CATALOGS = YES;
				MTL_ENABLE_DEBUG_INFO = NO;
				MTL_FAST_MATH = YES;
				SDKROOT = iphoneos;
				SWIFT_COMPILATION_MODE = wholemodule;
				VALIDATE_PRODUCT = YES;
			};
			name = Release;
		};
		B5D706BC2BBA85B0009C32D9 /* Debug */ = {
			isa = XCBuildConfiguration;
			buildSettings = {
				ASSETCATALOG_COMPILER_APPICON_NAME = AppIcon;
				ASSETCATALOG_COMPILER_GLOBAL_ACCENT_COLOR_NAME = AccentColor;
				CODE_SIGN_STYLE = Automatic;
				CURRENT_PROJECT_VERSION = 1;
				DEVELOPMENT_TEAM = 8B78U37C85;
				GENERATE_INFOPLIST_FILE = YES;
				INFOPLIST_FILE = Oripresso/Info.plist;
				INFOPLIST_KEY_UIApplicationSupportsIndirectInputEvents = YES;
				INFOPLIST_KEY_UILaunchStoryboardName = LaunchScreen;
				INFOPLIST_KEY_UIMainStoryboardFile = Main;
				INFOPLIST_KEY_UISupportedInterfaceOrientations_iPad = "UIInterfaceOrientationPortrait UIInterfaceOrientationPortraitUpsideDown UIInterfaceOrientationLandscapeLeft UIInterfaceOrientationLandscapeRight";
				INFOPLIST_KEY_UISupportedInterfaceOrientations_iPhone = "UIInterfaceOrientationPortrait UIInterfaceOrientationLandscapeLeft UIInterfaceOrientationLandscapeRight";
				IPHONEOS_DEPLOYMENT_TARGET = 15.0;
				LD_RUNPATH_SEARCH_PATHS = (
					"$(inherited)",
					"@executable_path/Frameworks",
				);
				MARKETING_VERSION = 1.0;
				PRODUCT_BUNDLE_IDENTIFIER = com.Oripresso;
				PRODUCT_NAME = "$(TARGET_NAME)";
				SWIFT_EMIT_LOC_STRINGS = YES;
				SWIFT_VERSION = 5.0;
				TARGETED_DEVICE_FAMILY = "1,2";
			};
			name = Debug;
		};
		B5D706BD2BBA85B0009C32D9 /* Release */ = {
			isa = XCBuildConfiguration;
			buildSettings = {
				ASSETCATALOG_COMPILER_APPICON_NAME = AppIcon;
				ASSETCATALOG_COMPILER_GLOBAL_ACCENT_COLOR_NAME = AccentColor;
				CODE_SIGN_STYLE = Automatic;
				CURRENT_PROJECT_VERSION = 1;
				DEVELOPMENT_TEAM = 8B78U37C85;
				GENERATE_INFOPLIST_FILE = YES;
				INFOPLIST_FILE = Oripresso/Info.plist;
				INFOPLIST_KEY_UIApplicationSupportsIndirectInputEvents = YES;
				INFOPLIST_KEY_UILaunchStoryboardName = LaunchScreen;
				INFOPLIST_KEY_UIMainStoryboardFile = Main;
				INFOPLIST_KEY_UISupportedInterfaceOrientations_iPad = "UIInterfaceOrientationPortrait UIInterfaceOrientationPortraitUpsideDown UIInterfaceOrientationLandscapeLeft UIInterfaceOrientationLandscapeRight";
				INFOPLIST_KEY_UISupportedInterfaceOrientations_iPhone = "UIInterfaceOrientationPortrait UIInterfaceOrientationLandscapeLeft UIInterfaceOrientationLandscapeRight";
				IPHONEOS_DEPLOYMENT_TARGET = 15.0;
				LD_RUNPATH_SEARCH_PATHS = (
					"$(inherited)",
					"@executable_path/Frameworks",
				);
				MARKETING_VERSION = 1.0;
				PRODUCT_BUNDLE_IDENTIFIER = com.Oripresso;
				PRODUCT_NAME = "$(TARGET_NAME)";
				SWIFT_EMIT_LOC_STRINGS = YES;
				SWIFT_VERSION = 5.0;
				TARGETED_DEVICE_FAMILY = "1,2";
			};
			name = Release;
		};
/* End XCBuildConfiguration section */

/* Begin XCConfigurationList section */
		B5D706A22BBA85AF009C32D9 /* Build configuration list for PBXProject "Oripresso" */ = {
			isa = XCConfigurationList;
			buildConfigurations = (
				B5D706B92BBA85B0009C32D9 /* Debug */,
				B5D706BA2BBA85B0009C32D9 /* Release */,
			);
			defaultConfigurationIsVisible = 0;
			defaultConfigurationName = Release;
		};
		B5D706BB2BBA85B0009C32D9 /* Build configuration list for PBXNativeTarget "Oripresso" */ = {
			isa = XCConfigurationList;
			buildConfigurations = (
				B5D706BC2BBA85B0009C32D9 /* Debug */,
				B5D706BD2BBA85B0009C32D9 /* Release */,
			);
			defaultConfigurationIsVisible = 0;
			defaultConfigurationName = Release;
		};
/* End XCConfigurationList section */

/* Begin XCRemoteSwiftPackageReference section */
		1A5849172BBD482F009C364E /* XCRemoteSwiftPackageReference "SnapKit" */ = {
			isa = XCRemoteSwiftPackageReference;
			repositoryURL = "https://github.com/SnapKit/SnapKit.git";
			requirement = {
				kind = upToNextMajorVersion;
				minimumVersion = 5.7.1;
			};
		};
		1A58491A2BBD4842009C364E /* XCRemoteSwiftPackageReference "Then" */ = {
			isa = XCRemoteSwiftPackageReference;
			repositoryURL = "https://github.com/devxoul/Then.git";
			requirement = {
				kind = upToNextMajorVersion;
				minimumVersion = 3.0.0;
			};
		};
/* End XCRemoteSwiftPackageReference section */

/* Begin XCSwiftPackageProductDependency section */
		B5D706DA2BBFAD87009C32D9 /* SnapKit */ = {
			isa = XCSwiftPackageProductDependency;
			productName = SnapKit;
		};
		B5D706DC2BBFAD8F009C32D9 /* Then */ = {
			isa = XCSwiftPackageProductDependency;
			productName = Then;
		};
/* End XCSwiftPackageProductDependency section */
	};
	rootObject = B5D7069F2BBA85AF009C32D9 /* Project object */;
}
